
Microsoft Visual Studio Solution File, Format Version 12.00
# Visual Studio Version 16
VisualStudioVersion = 16.0.33423.256
MinimumVisualStudioVersion = 10.0.40219.1
Project("{FAE04EC0-301F-11D3-BF4B-00C04F79EFBC}") = "game_Malrio", "game_Malrio\game_Malrio.csproj", "{1198EB82-65AD-4B17-976C-09EF0D9147CC}"
EndProject
Global
	GlobalSection(SolutionConfigurationPlatforms) = preSolution
		Debug|Any CPU = Debug|Any CPU
		Release|Any CPU = Release|Any CPU
	EndGlobalSection
	GlobalSection(ProjectConfigurationPlatforms) = postSolution
		{1198EB82-65AD-4B17-976C-09EF0D9147CC}.Debug|Any CPU.ActiveCfg = Debug|Any CPU
		{1198EB82-65AD-4B17-976C-09EF0D9147CC}.Debug|Any CPU.Build.0 = Debug|Any CPU
		{1198EB82-65AD-4B17-976C-09EF0D9147CC}.Release|Any CPU.ActiveCfg = Release|Any CPU
		{1198EB82-65AD-4B17-976C-09EF0D9147CC}.Release|Any CPU.Build.0 = Release|Any CPU
	EndGlobalSection
	GlobalSection(SolutionProperties) = preSolution
		HideSolutionNode = FALSE
	EndGlobalSection
	GlobalSection(ExtensibilityGlobals) = postSolution
		SolutionGuid = {08E706B6-4E71-4DAB-909A-0B0402619D5E}
	EndGlobalSection
EndGlobal
